
Microsoft Visual Studio Solution File, Format Version 12.00
# Visual Studio Version 17
VisualStudioVersion = 17.10.35013.160
MinimumVisualStudioVersion = 10.0.40219.1
Project("{9A19103F-16F7-4668-BE54-9A1E7A4F7556}") = "Catalog.API", "Catalog.API\Catalog.API.csproj", "{490091A7-7152-4AA5-AD80-465E6E78015C}"
EndProject
Project("{E53339B2-1760-4266-BCC7-CA923CBCF16C}") = "docker-compose", "docker-compose.dcproj", "{5A054E0D-B2EA-464D-B6A1-7440D9CABA54}"
EndProject
Project("{9A19103F-16F7-4668-BE54-9A1E7A4F7556}") = "Basket.API", "Basket.API\Basket.API.csproj", "{D00717F3-97AB-474C-AA18-C15230367968}"
EndProject
Global
	GlobalSection(SolutionConfigurationPlatforms) = preSolution
		Debug|Any CPU = Debug|Any CPU
		Debug|x64 = Debug|x64
		Release|Any CPU = Release|Any CPU
		Release|x64 = Release|x64
	EndGlobalSection
	GlobalSection(ProjectConfigurationPlatforms) = postSolution
		{490091A7-7152-4AA5-AD80-465E6E78015C}.Debug|Any CPU.ActiveCfg = Debug|Any CPU
		{490091A7-7152-4AA5-AD80-465E6E78015C}.Debug|Any CPU.Build.0 = Debug|Any CPU
		{490091A7-7152-4AA5-AD80-465E6E78015C}.Debug|x64.ActiveCfg = Debug|Any CPU
		{490091A7-7152-4AA5-AD80-465E6E78015C}.Debug|x64.Build.0 = Debug|Any CPU
		{490091A7-7152-4AA5-AD80-465E6E78015C}.Release|Any CPU.ActiveCfg = Release|Any CPU
		{490091A7-7152-4AA5-AD80-465E6E78015C}.Release|Any CPU.Build.0 = Release|Any CPU
		{490091A7-7152-4AA5-AD80-465E6E78015C}.Release|x64.ActiveCfg = Release|Any CPU
		{490091A7-7152-4AA5-AD80-465E6E78015C}.Release|x64.Build.0 = Release|Any CPU
		{5A054E0D-B2EA-464D-B6A1-7440D9CABA54}.Debug|Any CPU.ActiveCfg = Debug|Any CPU
		{5A054E0D-B2EA-464D-B6A1-7440D9CABA54}.Debug|Any CPU.Build.0 = Debug|Any CPU
		{5A054E0D-B2EA-464D-B6A1-7440D9CABA54}.Debug|x64.ActiveCfg = Debug|Any CPU
		{5A054E0D-B2EA-464D-B6A1-7440D9CABA54}.Debug|x64.Build.0 = Debug|Any CPU
		{5A054E0D-B2EA-464D-B6A1-7440D9CABA54}.Release|Any CPU.ActiveCfg = Release|Any CPU
		{5A054E0D-B2EA-464D-B6A1-7440D9CABA54}.Release|Any CPU.Build.0 = Release|Any CPU
		{5A054E0D-B2EA-464D-B6A1-7440D9CABA54}.Release|x64.ActiveCfg = Release|Any CPU
		{5A054E0D-B2EA-464D-B6A1-7440D9CABA54}.Release|x64.Build.0 = Release|Any CPU
		{D00717F3-97AB-474C-AA18-C15230367968}.Debug|Any CPU.ActiveCfg = Debug|Any CPU
		{D00717F3-97AB-474C-AA18-C15230367968}.Debug|Any CPU.Build.0 = Debug|Any CPU
		{D00717F3-97AB-474C-AA18-C15230367968}.Debug|x64.ActiveCfg = Debug|Any CPU
		{D00717F3-97AB-474C-AA18-C15230367968}.Debug|x64.Build.0 = Debug|Any CPU
		{D00717F3-97AB-474C-AA18-C15230367968}.Release|Any CPU.ActiveCfg = Release|Any CPU
		{D00717F3-97AB-474C-AA18-C15230367968}.Release|Any CPU.Build.0 = Release|Any CPU
		{D00717F3-97AB-474C-AA18-C15230367968}.Release|x64.ActiveCfg = Release|Any CPU
		{D00717F3-97AB-474C-AA18-C15230367968}.Release|x64.Build.0 = Release|Any CPU
	EndGlobalSection
	GlobalSection(SolutionProperties) = preSolution
		HideSolutionNode = FALSE
	EndGlobalSection
	GlobalSection(ExtensibilityGlobals) = postSolution
		SolutionGuid = {1BEC5002-27B3-4961-AE65-736EB40E179A}
	EndGlobalSection
EndGlobal
